
Microsoft Visual Studio Solution File, Format Version 12.00
# Visual Studio Version 17
VisualStudioVersion = 17.4.33122.133
MinimumVisualStudioVersion = 10.0.40219.1
Project("{9A19103F-16F7-4668-BE54-9A1E7A4F7556}") = "ConsoleApp", "ConsoleApp.csproj", "{210D89B0-C3D4-4FE0-BD99-43B5B51D5AFB}"
EndProject
Project("{9A19103F-16F7-4668-BE54-9A1E7A4F7556}") = "API", "..\API\API.csproj", "{8F036C03-6B46-4416-BD93-841E914098D5}"
EndProject
Project("{9A19103F-16F7-4668-BE54-9A1E7A4F7556}") = "GameLogic", "..\Game\GameLogic.csproj", "{29AC3AF1-D340-49DD-8000-FDA8C868C1F4}"
EndProject
Global
	GlobalSection(SolutionConfigurationPlatforms) = preSolution
		Debug|Any CPU = Debug|Any CPU
		Release|Any CPU = Release|Any CPU
	EndGlobalSection
	GlobalSection(ProjectConfigurationPlatforms) = postSolution
		{210D89B0-C3D4-4FE0-BD99-43B5B51D5AFB}.Debug|Any CPU.ActiveCfg = Debug|Any CPU
		{210D89B0-C3D4-4FE0-BD99-43B5B51D5AFB}.Debug|Any CPU.Build.0 = Debug|Any CPU
		{210D89B0-C3D4-4FE0-BD99-43B5B51D5AFB}.Release|Any CPU.ActiveCfg = Release|Any CPU
		{210D89B0-C3D4-4FE0-BD99-43B5B51D5AFB}.Release|Any CPU.Build.0 = Release|Any CPU
		{8F036C03-6B46-4416-BD93-841E914098D5}.Debug|Any CPU.ActiveCfg = Debug|Any CPU
		{8F036C03-6B46-4416-BD93-841E914098D5}.Debug|Any CPU.Build.0 = Debug|Any CPU
		{8F036C03-6B46-4416-BD93-841E914098D5}.Release|Any CPU.ActiveCfg = Release|Any CPU
		{8F036C03-6B46-4416-BD93-841E914098D5}.Release|Any CPU.Build.0 = Release|Any CPU
		{29AC3AF1-D340-49DD-8000-FDA8C868C1F4}.Debug|Any CPU.ActiveCfg = Debug|Any CPU
		{29AC3AF1-D340-49DD-8000-FDA8C868C1F4}.Debug|Any CPU.Build.0 = Debug|Any CPU
		{29AC3AF1-D340-49DD-8000-FDA8C868C1F4}.Release|Any CPU.ActiveCfg = Release|Any CPU
		{29AC3AF1-D340-49DD-8000-FDA8C868C1F4}.Release|Any CPU.Build.0 = Release|Any CPU
	EndGlobalSection
	GlobalSection(SolutionProperties) = preSolution
		HideSolutionNode = FALSE
	EndGlobalSection
	GlobalSection(ExtensibilityGlobals) = postSolution
		SolutionGuid = {33D32B9A-58B7-4C49-96F3-DFCE8F5F8524}
	EndGlobalSection
EndGlobal
